<?xml version="1.0" encoding="utf-8"?>
<Project ToolsVersion="4.0" xmlns="http://schemas.microsoft.com/developer/msbuild/2003">
  <ItemGroup>
    <Filter Include="Resource Files">
      <UniqueIdentifier>{67DA6AB6-F800-4c08-8B7A-83BB121AAD01}</UniqueIdentifier>
      <Extensions>rc;ico;cur;bmp;dlg;rc2;rct;bin;rgs;gif;jpg;jpeg;jpe;resx;tiff;tif;png;wav;mfcribbon-ms</Extensions>
    </Filter>
    <Filter Include="source">
      <UniqueIdentifier>{aae9f84b-b364-465b-86ea-9483919d81f1}</UniqueIdentifier>
    </Filter>
    <Filter Include="include">
      <UniqueIdentifier>{2ef20305-2fd0-4e77-b3c9-f9f847507c95}</UniqueIdentifier>
    </Filter>
  </ItemGroup>
  <ItemGroup>
    <ClInclude Include="include\angelscript.h">
      <Filter>include</Filter>
    </ClInclude>
    <ClInclude Include="source\as_array.h">
      <Filter>source</Filter>
    </ClInclude>
    <ClInclude Include="source\as_atomic.h">
      <Filter>source</Filter>
    </ClInclude>
    <ClInclude Include="source\as_builder.h">
      <Filter>source</Filter>
    </ClInclude>
    <ClInclude Include="source\as_bytecode.h">
      <Filter>source</Filter>
    </ClInclude>
    <ClInclude Include="source\as_callfunc.h">
      <Filter>source</Filter>
    </ClInclude>
    <ClInclude Include="source\as_compiler.h">
      <Filter>source</Filter>
    </ClInclude>
    <ClInclude Include="source\as_config.h">
      <Filter>source</Filter>
    </ClInclude>
    <ClInclude Include="source\as_configgroup.h">
      <Filter>source</Filter>
    </ClInclude>
    <ClInclude Include="source\as_context.h">
      <Filter>source</Filter>
    </ClInclude>
    <ClInclude Include="source\as_criticalsection.h">
      <Filter>source</Filter>
    </ClInclude>
    <ClInclude Include="source\as_datatype.h">
      <Filter>source</Filter>
    </ClInclude>
    <ClInclude Include="source\as_debug.h">
      <Filter>source</Filter>
    </ClInclude>
    <ClInclude Include="source\as_gc.h">
      <Filter>source</Filter>
    </ClInclude>
    <ClInclude Include="source\as_generic.h">
      <Filter>source</Filter>
    </ClInclude>
    <ClInclude Include="source\as_map.h">
      <Filter>source</Filter>
    </ClInclude>
    <ClInclude Include="source\as_memory.h">
      <Filter>source</Filter>
    </ClInclude>
    <ClInclude Include="source\as_module.h">
      <Filter>source</Filter>
    </ClInclude>
    <ClInclude Include="source\as_objecttype.h">
      <Filter>source</Filter>
    </ClInclude>
    <ClInclude Include="source\as_outputbuffer.h">
      <Filter>source</Filter>
    </ClInclude>
    <ClInclude Include="source\as_parser.h">
      <Filter>source</Filter>
    </ClInclude>
    <ClInclude Include="source\as_property.h">
      <Filter>source</Filter>
    </ClInclude>
    <ClInclude Include="source\as_restore.h">
      <Filter>source</Filter>
    </ClInclude>
    <ClInclude Include="source\as_scriptcode.h">
      <Filter>source</Filter>
    </ClInclude>
    <ClInclude Include="source\as_scriptengine.h">
      <Filter>source</Filter>
    </ClInclude>
    <ClInclude Include="source\as_scriptfunction.h">
      <Filter>source</Filter>
    </ClInclude>
    <ClInclude Include="source\as_scriptnode.h">
      <Filter>source</Filter>
    </ClInclude>
    <ClInclude Include="source\as_scriptobject.h">
      <Filter>source</Filter>
    </ClInclude>
    <ClInclude Include="source\as_string.h">
      <Filter>source</Filter>
    </ClInclude>
    <ClInclude Include="source\as_string_util.h">
      <Filter>source</Filter>
    </ClInclude>
    <ClInclude Include="source\as_symboltable.h">
      <Filter>source</Filter>
    </ClInclude>
    <ClInclude Include="source\as_texts.h">
      <Filter>source</Filter>
    </ClInclude>
    <ClInclude Include="source\as_thread.h">
      <Filter>source</Filter>
    </ClInclude>
    <ClInclude Include="source\as_tokendef.h">
      <Filter>source</Filter>
    </ClInclude>
    <ClInclude Include="source\as_tokenizer.h">
      <Filter>source</Filter>
    </ClInclude>
    <ClInclude Include="source\as_typeinfo.h">
      <Filter>source</Filter>
    </ClInclude>
    <ClInclude Include="source\as_variablescope.h">
      <Filter>source</Filter>
    </ClInclude>
  </ItemGroup>
  <ItemGroup>
    <ClCompile Include="source\as_atomic.cpp">
      <Filter>source</Filter>
    </ClCompile>
    <ClCompile Include="source\as_builder.cpp">
      <Filter>source</Filter>
    </ClCompile>
    <ClCompile Include="source\as_bytecode.cpp">
      <Filter>source</Filter>
    </ClCompile>
    <ClCompile Include="source\as_callfunc.cpp">
      <Filter>source</Filter>
    </ClCompile>
    <ClCompile Include="source\as_callfunc_arm.cpp">
      <Filter>source</Filter>
    </ClCompile>
    <ClCompile Include="source\as_callfunc_mips.cpp">
      <Filter>source</Filter>
    </ClCompile>
    <ClCompile Include="source\as_callfunc_ppc.cpp">
      <Filter>source</Filter>
    </ClCompile>
    <ClCompile Include="source\as_callfunc_ppc_64.cpp">
      <Filter>source</Filter>
    </ClCompile>
    <ClCompile Include="source\as_callfunc_sh4.cpp">
      <Filter>source</Filter>
    </ClCompile>
    <ClCompile Include="source\as_callfunc_x64_gcc.cpp">
      <Filter>source</Filter>
    </ClCompile>
    <ClCompile Include="source\as_callfunc_x64_mingw.cpp">
      <Filter>source</Filter>
    </ClCompile>
    <ClCompile Include="source\as_callfunc_x64_msvc.cpp">
      <Filter>source</Filter>
    </ClCompile>
    <ClCompile Include="source\as_callfunc_x86.cpp">
      <Filter>source</Filter>
    </ClCompile>
    <ClCompile Include="source\as_callfunc_xenon.cpp">
      <Filter>source</Filter>
    </ClCompile>
    <ClCompile Include="source\as_compiler.cpp">
      <Filter>source</Filter>
    </ClCompile>
    <ClCompile Include="source\as_configgroup.cpp">
      <Filter>source</Filter>
    </ClCompile>
    <ClCompile Include="source\as_context.cpp">
      <Filter>source</Filter>
    </ClCompile>
    <ClCompile Include="source\as_datatype.cpp">
      <Filter>source</Filter>
    </ClCompile>
    <ClCompile Include="source\as_gc.cpp">
      <Filter>source</Filter>
    </ClCompile>
    <ClCompile Include="source\as_generic.cpp">
      <Filter>source</Filter>
    </ClCompile>
    <ClCompile Include="source\as_globalproperty.cpp">
      <Filter>source</Filter>
    </ClCompile>
    <ClCompile Include="source\as_memory.cpp">
      <Filter>source</Filter>
    </ClCompile>
    <ClCompile Include="source\as_module.cpp">
      <Filter>source</Filter>
    </ClCompile>
    <ClCompile Include="source\as_objecttype.cpp">
      <Filter>source</Filter>
    </ClCompile>
    <ClCompile Include="source\as_outputbuffer.cpp">
      <Filter>source</Filter>
    </ClCompile>
    <ClCompile Include="source\as_parser.cpp">
      <Filter>source</Filter>
    </ClCompile>
    <ClCompile Include="source\as_restore.cpp">
      <Filter>source</Filter>
    </ClCompile>
    <ClCompile Include="source\as_scriptcode.cpp">
      <Filter>source</Filter>
    </ClCompile>
    <ClCompile Include="source\as_scriptengine.cpp">
      <Filter>source</Filter>
    </ClCompile>
    <ClCompile Include="source\as_scriptfunction.cpp">
      <Filter>source</Filter>
    </ClCompile>
    <ClCompile Include="source\as_scriptnode.cpp">
      <Filter>source</Filter>
    </ClCompile>
    <ClCompile Include="source\as_scriptobject.cpp">
      <Filter>source</Filter>
    </ClCompile>
    <ClCompile Include="source\as_string.cpp">
      <Filter>source</Filter>
    </ClCompile>
    <ClCompile Include="source\as_string_util.cpp">
      <Filter>source</Filter>
    </ClCompile>
    <ClCompile Include="source\as_thread.cpp">
      <Filter>source</Filter>
    </ClCompile>
    <ClCompile Include="source\as_tokenizer.cpp">
      <Filter>source</Filter>
    </ClCompile>
    <ClCompile Include="source\as_typeinfo.cpp">
      <Filter>source</Filter>
    </ClCompile>
    <ClCompile Include="source\as_variablescope.cpp">
      <Filter>source</Filter>
    </ClCompile>
  </ItemGroup>
  <ItemGroup>
    <None Include="source\as_callfunc_arm_gcc.S">
      <Filter>source</Filter>
    </None>
    <None Include="source\as_callfunc_arm_msvc.asm">
      <Filter>source</Filter>
    </None>
    <None Include="source\as_callfunc_arm_xcode.S">
      <Filter>source</Filter>
    </None>
    <None Include="source\as_callfunc_x64_msvc_asm.asm">
      <Filter>source</Filter>
    </None>
  </ItemGroup>
</Project>